
Microsoft Visual Studio Solution File, Format Version 12.00
# Visual Studio Version 16
VisualStudioVersion = 16.0.29806.167
MinimumVisualStudioVersion = 10.0.40219.1
Project("{FAE04EC0-301F-11D3-BF4B-00C04F79EFBC}") = "PosInfnetCidadesInteligentesDDD", "PosInfnetCidadesInteligentesDDD\PosInfnetCidadesInteligentesDDD.csproj", "{F48AA5BC-8642-4025-BC7B-242C50903006}"
EndProject
Project("{2150E333-8FDC-42A3-9474-1A3956D46DE8}") = "1 - Apresentacao", "1 - Apresentacao", "{7041C79C-03D3-4D4E-9763-329DA78BA577}"
EndProject
Project("{2150E333-8FDC-42A3-9474-1A3956D46DE8}") = "2 - Aplicacao", "2 - Aplicacao", "{E562F480-9BB7-4C80-BE36-003E6D1D0ED2}"
EndProject
Project("{2150E333-8FDC-42A3-9474-1A3956D46DE8}") = "3 - Servicos", "3 - Servicos", "{D5A0125E-6E88-4F8A-94B0-08BAE1370757}"
EndProject
Project("{2150E333-8FDC-42A3-9474-1A3956D46DE8}") = "4 - Dominio", "4 - Dominio", "{9D5EF022-197C-4E38-B5F1-40ECC2F7F153}"
EndProject
Project("{2150E333-8FDC-42A3-9474-1A3956D46DE8}") = "5 - Infraestrutura", "5 - Infraestrutura", "{B16C976B-1C02-4880-A9C4-74C052ACF677}"
EndProject
Project("{FAE04EC0-301F-11D3-BF4B-00C04F79EFBC}") = "PosInfnetCidadesInteligentesDDD.Dominio", "PosInfnetCidadesInteligentesDDD.Dominio\PosInfnetCidadesInteligentesDDD.Dominio.csproj", "{F79976BA-2A44-4A7A-B501-7B53FE513F9C}"
EndProject
Project("{FAE04EC0-301F-11D3-BF4B-00C04F79EFBC}") = "PosInfnetCidadesInteligentesDDD.Infra.Dados", "PosInfnetCidadesInteligentesDDD.Infra.Dados\PosInfnetCidadesInteligentesDDD.Infra.Dados.csproj", "{3233766B-72AA-44B7-8CD4-4C5469B4B016}"
EndProject
Project("{2150E333-8FDC-42A3-9474-1A3956D46DE8}") = "5.1 - Dados", "5.1 - Dados", "{72B67938-ECAE-4375-97DD-5A90213F3513}"
EndProject
Project("{2150E333-8FDC-42A3-9474-1A3956D46DE8}") = "5.2 - Cross-cutting", "5.2 - Cross-cutting", "{C9C4F237-3137-46CC-B271-3D1EF3C0FE35}"
EndProject
Project("{FAE04EC0-301F-11D3-BF4B-00C04F79EFBC}") = "PosInfnetCidadesInteligentesDDD.Aplicacao", "PosInfnetCidadesInteligentesDDD.Aplicacao\PosInfnetCidadesInteligentesDDD.Aplicacao.csproj", "{9EAAE5CA-1295-4EC7-9A0C-7598061B349A}"
EndProject
Project("{2150E333-8FDC-42A3-9474-1A3956D46DE8}") = "6 - Testes", "6 - Testes", "{3503587B-AA9F-47D3-9F20-3CBBF87B9483}"
EndProject
Project("{FAE04EC0-301F-11D3-BF4B-00C04F79EFBC}") = "TestesDominio", "TestesDominio\TestesDominio.csproj", "{E6934E80-0475-4325-8ABE-D56EE230C06B}"
EndProject
Global
	GlobalSection(SolutionConfigurationPlatforms) = preSolution
		Debug|Any CPU = Debug|Any CPU
		Release|Any CPU = Release|Any CPU
	EndGlobalSection
	GlobalSection(ProjectConfigurationPlatforms) = postSolution
		{F48AA5BC-8642-4025-BC7B-242C50903006}.Debug|Any CPU.ActiveCfg = Debug|Any CPU
		{F48AA5BC-8642-4025-BC7B-242C50903006}.Debug|Any CPU.Build.0 = Debug|Any CPU
		{F48AA5BC-8642-4025-BC7B-242C50903006}.Release|Any CPU.ActiveCfg = Release|Any CPU
		{F48AA5BC-8642-4025-BC7B-242C50903006}.Release|Any CPU.Build.0 = Release|Any CPU
		{F79976BA-2A44-4A7A-B501-7B53FE513F9C}.Debug|Any CPU.ActiveCfg = Debug|Any CPU
		{F79976BA-2A44-4A7A-B501-7B53FE513F9C}.Debug|Any CPU.Build.0 = Debug|Any CPU
		{F79976BA-2A44-4A7A-B501-7B53FE513F9C}.Release|Any CPU.ActiveCfg = Release|Any CPU
		{F79976BA-2A44-4A7A-B501-7B53FE513F9C}.Release|Any CPU.Build.0 = Release|Any CPU
		{3233766B-72AA-44B7-8CD4-4C5469B4B016}.Debug|Any CPU.ActiveCfg = Debug|Any CPU
		{3233766B-72AA-44B7-8CD4-4C5469B4B016}.Debug|Any CPU.Build.0 = Debug|Any CPU
		{3233766B-72AA-44B7-8CD4-4C5469B4B016}.Release|Any CPU.ActiveCfg = Release|Any CPU
		{3233766B-72AA-44B7-8CD4-4C5469B4B016}.Release|Any CPU.Build.0 = Release|Any CPU
		{9EAAE5CA-1295-4EC7-9A0C-7598061B349A}.Debug|Any CPU.ActiveCfg = Debug|Any CPU
		{9EAAE5CA-1295-4EC7-9A0C-7598061B349A}.Debug|Any CPU.Build.0 = Debug|Any CPU
		{9EAAE5CA-1295-4EC7-9A0C-7598061B349A}.Release|Any CPU.ActiveCfg = Release|Any CPU
		{9EAAE5CA-1295-4EC7-9A0C-7598061B349A}.Release|Any CPU.Build.0 = Release|Any CPU
		{E6934E80-0475-4325-8ABE-D56EE230C06B}.Debug|Any CPU.ActiveCfg = Debug|Any CPU
		{E6934E80-0475-4325-8ABE-D56EE230C06B}.Debug|Any CPU.Build.0 = Debug|Any CPU
		{E6934E80-0475-4325-8ABE-D56EE230C06B}.Release|Any CPU.ActiveCfg = Release|Any CPU
		{E6934E80-0475-4325-8ABE-D56EE230C06B}.Release|Any CPU.Build.0 = Release|Any CPU
	EndGlobalSection
	GlobalSection(SolutionProperties) = preSolution
		HideSolutionNode = FALSE
	EndGlobalSection
	GlobalSection(NestedProjects) = preSolution
		{F48AA5BC-8642-4025-BC7B-242C50903006} = {7041C79C-03D3-4D4E-9763-329DA78BA577}
		{F79976BA-2A44-4A7A-B501-7B53FE513F9C} = {9D5EF022-197C-4E38-B5F1-40ECC2F7F153}
		{3233766B-72AA-44B7-8CD4-4C5469B4B016} = {72B67938-ECAE-4375-97DD-5A90213F3513}
		{72B67938-ECAE-4375-97DD-5A90213F3513} = {B16C976B-1C02-4880-A9C4-74C052ACF677}
		{C9C4F237-3137-46CC-B271-3D1EF3C0FE35} = {B16C976B-1C02-4880-A9C4-74C052ACF677}
		{9EAAE5CA-1295-4EC7-9A0C-7598061B349A} = {E562F480-9BB7-4C80-BE36-003E6D1D0ED2}
		{E6934E80-0475-4325-8ABE-D56EE230C06B} = {3503587B-AA9F-47D3-9F20-3CBBF87B9483}
	EndGlobalSection
	GlobalSection(ExtensibilityGlobals) = postSolution
		SolutionGuid = {751316A8-3B95-47AE-9C01-4D57F2A29F28}
	EndGlobalSection
EndGlobal
